{
    "_readme": [
        "This file locks the dependencies of your project to a known state",
        "Read more about it at https://getcomposer.org/doc/01-basic-usage.md#composer-lock-the-lock-file",
        "This file is @generated automatically"
    ],
    "hash": "0ac14db8c4d66ac3ccb0173db117d6ba",
    "content-hash": "fc42de3cb141939fbf3a786a47dfd01e",
    "packages": [],
    "packages-dev": [],
    "aliases": [],
    "minimum-stability": "stable",
    "stability-flags": [],
    "prefer-stable": false,
    "prefer-lowest": false,
    "platform": {
        "php": ">=5.2",
        "ext-curl": "*",
        "ext-json": "*",
        "ext-mbstring": "*"
    },
    "platform-dev": []
}
